github.com/wirawan-mahardika/go-say-hello v1.0.0 h1:eoyk0z9/ZvvFaGA5ktIdtJKDffChS1gqrPPY1xWHk2I=
github.com/wirawan-mahardika/go-say-hello v1.0.0/go.mod h1:7uFSmvxL++j042RpP2FMYw4mhHFiXjHPi4PzbKoBqhA=
github.com/wirawan-mahardika/go-say-hello v1.0.2 h1:ksDGQ/ZhkyEMOnAWw51M5GWQ6g1DLzCuJSA8t5YUEtA=
github.com/wirawan-mahardika/go-say-hello v1.0.2/go.mod h1:7uFSmvxL++j042RpP2FMYw4mhHFiXjHPi4PzbKoBqhA=
github.com/wirawan-mahardika/go-say-hello v1.3.0 h1:DoXYDLOL1nbwSdUntzM+YAAWpo1//mfJA86YXYF5XQ8=
github.com/wirawan-mahardika/go-say-hello v1.3.0/go.mod h1:7uFSmvxL++j042RpP2FMYw4mhHFiXjHPi4PzbKoBqhA=
github.com/wirawan-mahardika/go-say-hello/v2 v2.0.0 h1:q5qwPwN26kOueH5EdS3nNFvno9Qdp2k+OegsK8E1oXk=
github.com/wirawan-mahardika/go-say-hello/v2 v2.0.0/go.mod h1:BXRMQaSQkb/MNArQJq+xb28I3yshXll2oqczmk5SBrY=
